
Microsoft Visual Studio Solution File, Format Version 12.00
# Visual Studio Version 16
VisualStudioVersion = 16.0.31727.386
MinimumVisualStudioVersion = 10.0.40219.1
Project("{FAE04EC0-301F-11D3-BF4B-00C04F79EFBC}") = "Assignment2", "Assignment2.csproj", "{B4102488-57F1-4D6D-B84A-58840B0062DC}"
EndProject
Global
	GlobalSection(SolutionConfigurationPlatforms) = preSolution
		Debug|Any CPU = Debug|Any CPU
		Release|Any CPU = Release|Any CPU
	EndGlobalSection
	GlobalSection(ProjectConfigurationPlatforms) = postSolution
		{B4102488-57F1-4D6D-B84A-58840B0062DC}.Debug|Any CPU.ActiveCfg = Debug|Any CPU
		{B4102488-57F1-4D6D-B84A-58840B0062DC}.Debug|Any CPU.Build.0 = Debug|Any CPU
		{B4102488-57F1-4D6D-B84A-58840B0062DC}.Release|Any CPU.ActiveCfg = Release|Any CPU
		{B4102488-57F1-4D6D-B84A-58840B0062DC}.Release|Any CPU.Build.0 = Release|Any CPU
	EndGlobalSection
	GlobalSection(SolutionProperties) = preSolution
		HideSolutionNode = FALSE
	EndGlobalSection
	GlobalSection(ExtensibilityGlobals) = postSolution
		SolutionGuid = {D9FEF51A-891B-4BF2-933E-E7C23A2FAA53}
	EndGlobalSection
EndGlobal
